
Microsoft Visual Studio Solution File, Format Version 12.00
# Visual Studio Version 17
VisualStudioVersion = 17.7.34202.233
MinimumVisualStudioVersion = 10.0.40219.1
Project("{9A19103F-16F7-4668-BE54-9A1E7A4F7556}") = "LLMServiceHub", "LLMServiceHub\LLMServiceHub.csproj", "{3CA26111-12C9-4AF1-966F-45019EA52385}"
EndProject
Global
	GlobalSection(SolutionConfigurationPlatforms) = preSolution
		Debug|Any CPU = Debug|Any CPU
		Release|Any CPU = Release|Any CPU
	EndGlobalSection
	GlobalSection(ProjectConfigurationPlatforms) = postSolution
		{3CA26111-12C9-4AF1-966F-45019EA52385}.Debug|Any CPU.ActiveCfg = Debug|Any CPU
		{3CA26111-12C9-4AF1-966F-45019EA52385}.Debug|Any CPU.Build.0 = Debug|Any CPU
		{3CA26111-12C9-4AF1-966F-45019EA52385}.Release|Any CPU.ActiveCfg = Release|Any CPU
		{3CA26111-12C9-4AF1-966F-45019EA52385}.Release|Any CPU.Build.0 = Release|Any CPU
	EndGlobalSection
	GlobalSection(SolutionProperties) = preSolution
		HideSolutionNode = FALSE
	EndGlobalSection
	GlobalSection(ExtensibilityGlobals) = postSolution
		SolutionGuid = {4FD3BE39-36D7-4A01-8EEC-39063ED813B4}
	EndGlobalSection
EndGlobal
